// !$*UTF8*$!
{
	archiveVersion = 1;
	classes = {
	};
	objectVersion = 50;
	objects = {

/* Begin PBXBuildFile section */
		1F57A7F223E64BAC006ADECD /* AppDelegate.swift in Sources */ = {isa = PBXBuildFile; fileRef = 1F57A7F123E64BAC006ADECD /* AppDelegate.swift */; };
		1F57A7F423E64BAC006ADECD /* SceneDelegate.swift in Sources */ = {isa = PBXBuildFile; fileRef = 1F57A7F323E64BAC006ADECD /* SceneDelegate.swift */; };
		1F57A7F623E64BAC006ADECD /* ViewController.swift in Sources */ = {isa = PBXBuildFile; fileRef = 1F57A7F523E64BAC006ADECD /* ViewController.swift */; };
		1F57A7F923E64BAC006ADECD /* Main.storyboard in Resources */ = {isa = PBXBuildFile; fileRef = 1F57A7F723E64BAC006ADECD /* Main.storyboard */; };
		1F57A7FB23E64BAD006ADECD /* Assets.xcassets in Resources */ = {isa = PBXBuildFile; fileRef = 1F57A7FA23E64BAD006ADECD /* Assets.xcassets */; };
		1F57A7FE23E64BAD006ADECD /* LaunchScreen.storyboard in Resources */ = {isa = PBXBuildFile; fileRef = 1F57A7FC23E64BAD006ADECD /* LaunchScreen.storyboard */; };
/* End PBXBuildFile section */

/* Begin PBXFileReference section */
		1F57A7EE23E64BAC006ADECD /* Bip the Guy.app */ = {isa = PBXFileReference; explicitFileType = wrapper.application; includeInIndex = 0; path = "Bip the Guy.app"; sourceTree = BUILT_PRODUCTS_DIR; };
		1F57A7F123E64BAC006ADECD /* AppDelegate.swift */ = {isa = PBXFileReference; lastKnownFileType = sourcecode.swift; path = AppDelegate.swift; sourceTree = "<group>"; };
		1F57A7F323E64BAC006ADECD /* SceneDelegate.swift */ = {isa = PBXFileReference; lastKnownFileType = sourcecode.swift; path = SceneDelegate.swift; sourceTree = "<group>"; };
		1F57A7F523E64BAC006ADECD /* ViewController.swift */ = {isa = PBXFileReference; lastKnownFileType = sourcecode.swift; path = ViewController.swift; sourceTree = "<group>"; };
		1F57A7F823E64BAC006ADECD /* Base */ = {isa = PBXFileReference; lastKnownFileType = file.storyboard; name = Base; path = Base.lproj/Main.storyboard; sourceTree = "<group>"; };
		1F57A7FA23E64BAD006ADECD /* Assets.xcassets */ = {isa = PBXFileReference; lastKnownFileType = folder.assetcatalog; path = Assets.xcassets; sourceTree = "<group>"; };
		1F57A7FD23E64BAD006ADECD /* Base */ = {isa = PBXFileReference; lastKnownFileType = file.storyboard; name = Base; path = Base.lproj/LaunchScreen.storyboard; sourceTree = "<group>"; };
		1F57A7FF23E64BAD006ADECD /* Info.plist */ = {isa = PBXFileReference; lastKnownFileType = text.plist.xml; path = Info.plist; sourceTree = "<group>"; };
/* End PBXFileReference section */

/* Begin PBXFrameworksBuildPhase section */
		1F57A7EB23E64BAC006ADECD /* Frameworks */ = {
			isa = PBXFrameworksBuildPhase;
			buildActionMask = 2147483647;
			files = (
			);
			runOnlyForDeploymentPostprocessing = 0;
		};
/* End PBXFrameworksBuildPhase section */

/* Begin PBXGroup section */
		1F57A7E523E64BAC006ADECD = {
			isa = PBXGroup;
			children = (
				1F57A7F023E64BAC006ADECD /* Bip the Guy */,
				1F57A7EF23E64BAC006ADECD /* Products */,
			);
			sourceTree = "<group>";
		};
		1F57A7EF23E64BAC006ADECD /* Products */ = {
			isa = PBXGroup;
			children = (
				1F57A7EE23E64BAC006ADECD /* Bip the Guy.app */,
			);
			name = Products;
			sourceTree = "<group>";
		};
		1F57A7F023E64BAC006ADECD /* Bip the Guy */ = {
			isa = PBXGroup;
			children = (
				1F57A7F123E64BAC006ADECD /* AppDelegate.swift */,
				1F57A7F323E64BAC006ADECD /* SceneDelegate.swift */,
				1F57A7F523E64BAC006ADECD /* ViewController.swift */,
				1F57A7F723E64BAC006ADECD /* Main.storyboard */,
				1F57A7FA23E64BAD006ADECD /* Assets.xcassets */,
				1F57A7FC23E64BAD006ADECD /* LaunchScreen.storyboard */,
				1F57A7FF23E64BAD006ADECD /* Info.plist */,
			);
			path = "Bip the Guy";
			sourceTree = "<group>";
		};
/* End PBXGroup section */

/* Begin PBXNativeTarget section */
		1F57A7ED23E64BAC006ADECD /* Bip the Guy */ = {
			isa = PBXNativeTarget;
			buildConfigurationList = 1F57A80223E64BAD006ADECD /* Build configuration list for PBXNativeTarget "Bip the Guy" */;
			buildPhases = (
				1F57A7EA23E64BAC006ADECD /* Sources */,
				1F57A7EB23E64BAC006ADECD /* Frameworks */,
				1F57A7EC23E64BAC006ADECD /* Resources */,
			);
			buildRules = (
			);
			dependencies = (
			);
			name = "Bip the Guy";
			productName = "Bip the Guy";
			productReference = 1F57A7EE23E64BAC006ADECD /* Bip the Guy.app */;
			productType = "com.apple.product-type.application";
		};
/* End PBXNativeTarget section */

/* Begin PBXProject section */
		1F57A7E623E64BAC006ADECD /* Project object */ = {
			isa = PBXProject;
			attributes = {
				LastSwiftUpdateCheck = 1130;
				LastUpgradeCheck = 1130;
				ORGANIZATIONNAME = "Ben Tsai";
				TargetAttributes = {
					1F57A7ED23E64BAC006ADECD = {
						CreatedOnToolsVersion = 11.3.1;
					};
				};
			};
			buildConfigurationList = 1F57A7E923E64BAC006ADECD /* Build configuration list for PBXProject "Bip the Guy" */;
			compatibilityVersion = "Xcode 9.3";
			developmentRegion = en;
			hasScannedForEncodings = 0;
			knownRegions = (
				en,
				Base,
			);
			mainGroup = 1F57A7E523E64BAC006ADECD;
			productRefGroup = 1F57A7EF23E64BAC006ADECD /* Products */;
			projectDirPath = "";
			projectRoot = "";
			targets = (
				1F57A7ED23E64BAC006ADECD /* Bip the Guy */,
			);
		};
/* End PBXProject section */

/* Begin PBXResourcesBuildPhase section */
		1F57A7EC23E64BAC006ADECD /* Resources */ = {
			isa = PBXResourcesBuildPhase;
			buildActionMask = 2147483647;
			files = (
				1F57A7FE23E64BAD006ADECD /* LaunchScreen.storyboard in Resources */,
				1F57A7FB23E64BAD006ADECD /* Assets.xcassets in Resources */,
				1F57A7F923E64BAC006ADECD /* Main.storyboard in Resources */,
			);
			runOnlyForDeploymentPostprocessing = 0;
		};
/* End PBXResourcesBuildPhase section */

/* Begin PBXSourcesBuildPhase section */
		1F57A7EA23E64BAC006ADECD /* Sources */ = {
			isa = PBXSourcesBuildPhase;
			buildActionMask = 2147483647;
			files = (
				1F57A7F623E64BAC006ADECD /* ViewController.swift in Sources */,
				1F57A7F223E64BAC006ADECD /* AppDelegate.swift in Sources */,
				1F57A7F423E64BAC006ADECD /* SceneDelegate.swift in Sources */,
			);
			runOnlyForDeploymentPostprocessing = 0;
		};
/* End PBXSourcesBuildPhase section */

/* Begin PBXVariantGroup section */
		1F57A7F723E64BAC006ADECD /* Main.storyboard */ = {
			isa = PBXVariantGroup;
			children = (
				1F57A7F823E64BAC006ADECD /* Base */,
			);
			name = Main.storyboard;
			sourceTree = "<group>";
		};
		1F57A7FC23E64BAD006ADECD /* LaunchScreen.storyboard */ = {
			isa = PBXVariantGroup;
			children = (
				1F57A7FD23E64BAD006ADECD /* Base */,
			);
			name = LaunchScreen.storyboard;
			sourceTree = "<group>";
		};
/* End PBXVariantGroup section */

/* Begin XCBuildConfiguration section */
		1F57A80023E64BAD006ADECD /* Debug */ = {
			isa = XCBuildConfiguration;
			buildSettings = {
				ALWAYS_SEARCH_USER_PATHS = NO;
				CLANG_ANALYZER_NONNULL = YES;
				CLANG_ANALYZER_NUMBER_OBJECT_CONVERSION = YES_AGGRESSIVE;
				CLANG_CXX_LANGUAGE_STANDARD = "gnu++14";
				CLANG_CXX_LIBRARY = "libc++";
				CLANG_ENABLE_MODULES = YES;
				CLANG_ENABLE_OBJC_ARC = YES;
				CLANG_ENABLE_OBJC_WEAK = YES;
				CLANG_WARN_BLOCK_CAPTURE_AUTORELEASING = YES;
				CLANG_WARN_BOOL_CONVERSION = YES;
				CLANG_WARN_COMMA = YES;
				CLANG_WARN_CONSTANT_CONVERSION = YES;
				CLANG_WARN_DEPRECATED_OBJC_IMPLEMENTATIONS = YES;
				CLANG_WARN_DIRECT_OBJC_ISA_USAGE = YES_ERROR;
				CLANG_WARN_DOCUMENTATION_COMMENTS = YES;
				CLANG_WARN_EMPTY_BODY = YES;
				CLANG_WARN_ENUM_CONVERSION = YES;
				CLANG_WARN_INFINITE_RECURSION = YES;
				CLANG_WARN_INT_CONVERSION = YES;
				CLANG_WARN_NON_LITERAL_NULL_CONVERSION = YES;
				CLANG_WARN_OBJC_IMPLICIT_RETAIN_SELF = YES;
				CLANG_WARN_OBJC_LITERAL_CONVERSION = YES;
				CLANG_WARN_OBJC_ROOT_CLASS = YES_ERROR;
				CLANG_WARN_RANGE_LOOP_ANALYSIS = YES;
				CLANG_WARN_STRICT_PROTOTYPES = YES;
				CLANG_WARN_SUSPICIOUS_MOVE = YES;
				CLANG_WARN_UNGUARDED_AVAILABILITY = YES_AGGRESSIVE;
				CLANG_WARN_UNREACHABLE_CODE = YES;
				CLANG_WARN__DUPLICATE_METHOD_MATCH = YES;
				COPY_PHASE_STRIP = NO;
				DEBUG_INFORMATION_FORMAT = dwarf;
				ENABLE_STRICT_OBJC_MSGSEND = YES;
				ENABLE_TESTABILITY = YES;
				GCC_C_LANGUAGE_STANDARD = gnu11;
				GCC_DYNAMIC_NO_PIC = NO;
				GCC_NO_COMMON_BLOCKS = YES;
				GCC_OPTIMIZATION_LEVEL = 0;
				GCC_PREPROCESSOR_DEFINITIONS = (
					"DEBUG=1",
					"$(inherited)",
				);
				GCC_WARN_64_TO_32_BIT_CONVERSION = YES;
				GCC_WARN_ABOUT_RETURN_TYPE = YES_ERROR;
				GCC_WARN_UNDECLARED_SELECTOR = YES;
				GCC_WARN_UNINITIALIZED_AUTOS = YES_AGGRESSIVE;
				GCC_WARN_UNUSED_FUNCTION = YES;
				GCC_WARN_UNUSED_VARIABLE = YES;
				IPHONEOS_DEPLOYMENT_TARGET = 13.2;
				MTL_ENABLE_DEBUG_INFO = INCLUDE_SOURCE;
				MTL_FAST_MATH = YES;
				ONLY_ACTIVE_ARCH = YES;
				SDKROOT = iphoneos;
				SWIFT_ACTIVE_COMPILATION_CONDITIONS = DEBUG;
				SWIFT_OPTIMIZATION_LEVEL = "-Onone";
			};
			name = Debug;
		};
		1F57A80123E64BAD006ADECD /* Release */ = {
			isa = XCBuildConfiguration;
			buildSettings = {
				ALWAYS_SEARCH_USER_PATHS = NO;
				CLANG_ANALYZER_NONNULL = YES;
				CLANG_ANALYZER_NUMBER_OBJECT_CONVERSION = YES_AGGRESSIVE;
				CLANG_CXX_LANGUAGE_STANDARD = "gnu++14";
				CLANG_CXX_LIBRARY = "libc++";
				CLANG_ENABLE_MODULES = YES;
				CLANG_ENABLE_OBJC_ARC = YES;
				CLANG_ENABLE_OBJC_WEAK = YES;
				CLANG_WARN_BLOCK_CAPTURE_AUTORELEASING = YES;
				CLANG_WARN_BOOL_CONVERSION = YES;
				CLANG_WARN_COMMA = YES;
				CLANG_WARN_CONSTANT_CONVERSION = YES;
				CLANG_WARN_DEPRECATED_OBJC_IMPLEMENTATIONS = YES;
				CLANG_WARN_DIRECT_OBJC_ISA_USAGE = YES_ERROR;
				CLANG_WARN_DOCUMENTATION_COMMENTS = YES;
				CLANG_WARN_EMPTY_BODY = YES;
				CLANG_WARN_ENUM_CONVERSION = YES;
				CLANG_WARN_INFINITE_RECURSION = YES;
				CLANG_WARN_INT_CONVERSION = YES;
				CLANG_WARN_NON_LITERAL_NULL_CONVERSION = YES;
				CLANG_WARN_OBJC_IMPLICIT_RETAIN_SELF = YES;
				CLANG_WARN_OBJC_LITERAL_CONVERSION = YES;
				CLANG_WARN_OBJC_ROOT_CLASS = YES_ERROR;
				CLANG_WARN_RANGE_LOOP_ANALYSIS = YES;
				CLANG_WARN_STRICT_PROTOTYPES = YES;
				CLANG_WARN_SUSPICIOUS_MOVE = YES;
				CLANG_WARN_UNGUARDED_AVAILABILITY = YES_AGGRESSIVE;
				CLANG_WARN_UNREACHABLE_CODE = YES;
				CLANG_WARN__DUPLICATE_METHOD_MATCH = YES;
				COPY_PHASE_STRIP = NO;
				DEBUG_INFORMATION_FORMAT = "dwarf-with-dsym";
				ENABLE_NS_ASSERTIONS = NO;
				ENABLE_STRICT_OBJC_MSGSEND = YES;
				GCC_C_LANGUAGE_STANDARD = gnu11;
				GCC_NO_COMMON_BLOCKS = YES;
				GCC_WARN_64_TO_32_BIT_CONVERSION = YES;
				GCC_WARN_ABOUT_RETURN_TYPE = YES_ERROR;
				GCC_WARN_UNDECLARED_SELECTOR = YES;
				GCC_WARN_UNINITIALIZED_AUTOS = YES_AGGRESSIVE;
				GCC_WARN_UNUSED_FUNCTION = YES;
				GCC_WARN_UNUSED_VARIABLE = YES;
				IPHONEOS_DEPLOYMENT_TARGET = 13.2;
				MTL_ENABLE_DEBUG_INFO = NO;
				MTL_FAST_MATH = YES;
				SDKROOT = iphoneos;
				SWIFT_COMPILATION_MODE = wholemodule;
				SWIFT_OPTIMIZATION_LEVEL = "-O";
				VALIDATE_PRODUCT = YES;
			};
			name = Release;
		};
		1F57A80323E64BAD006ADECD /* Debug */ = {
			isa = XCBuildConfiguration;
			buildSettings = {
				ASSETCATALOG_COMPILER_APPICON_NAME = AppIcon;
				CODE_SIGN_STYLE = Automatic;
				DEVELOPMENT_TEAM = 9LM68CGF2F;
				INFOPLIST_FILE = "Bip the Guy/Info.plist";
				LD_RUNPATH_SEARCH_PATHS = (
					"$(inherited)",
					"@executable_path/Frameworks",
				);
				PRODUCT_BUNDLE_IDENTIFIER = "com.bentsai.Bip-the-Guy";
				PRODUCT_NAME = "$(TARGET_NAME)";
				SWIFT_VERSION = 5.0;
				TARGETED_DEVICE_FAMILY = "1,2";
			};
			name = Debug;
		};
		1F57A80423E64BAD006ADECD /* Release */ = {
			isa = XCBuildConfiguration;
			buildSettings = {
				ASSETCATALOG_COMPILER_APPICON_NAME = AppIcon;
				CODE_SIGN_STYLE = Automatic;
				DEVELOPMENT_TEAM = 9LM68CGF2F;
				INFOPLIST_FILE = "Bip the Guy/Info.plist";
				LD_RUNPATH_SEARCH_PATHS = (
					"$(inherited)",
					"@executable_path/Frameworks",
				);
				PRODUCT_BUNDLE_IDENTIFIER = "com.bentsai.Bip-the-Guy";
				PRODUCT_NAME = "$(TARGET_NAME)";
				SWIFT_VERSION = 5.0;
				TARGETED_DEVICE_FAMILY = "1,2";
			};
			name = Release;
		};
/* End XCBuildConfiguration section */

/* Begin XCConfigurationList section */
		1F57A7E923E64BAC006ADECD /* Build configuration list for PBXProject "Bip the Guy" */ = {
			isa = XCConfigurationList;
			buildConfigurations = (
				1F57A80023E64BAD006ADECD /* Debug */,
				1F57A80123E64BAD006ADECD /* Release */,
			);
			defaultConfigurationIsVisible = 0;
			defaultConfigurationName = Release;
		};
		1F57A80223E64BAD006ADECD /* Build configuration list for PBXNativeTarget "Bip the Guy" */ = {
			isa = XCConfigurationList;
			buildConfigurations = (
				1F57A80323E64BAD006ADECD /* Debug */,
				1F57A80423E64BAD006ADECD /* Release */,
			);
			defaultConfigurationIsVisible = 0;
			defaultConfigurationName = Release;
		};
/* End XCConfigurationList section */
	};
	rootObject = 1F57A7E623E64BAC006ADECD /* Project object */;
}
